
Microsoft Visual Studio Solution File, Format Version 12.00
# Visual Studio Version 17
VisualStudioVersion = 17.5.33516.290
MinimumVisualStudioVersion = 10.0.40219.1
Project("{9A19103F-16F7-4668-BE54-9A1E7A4F7556}") = "LSP.API", "LSP.API\LSP.API.csproj", "{C6EE1EF6-3929-4A29-A07D-BC538D2F7717}"
EndProject
Project("{FAE04EC0-301F-11D3-BF4B-00C04F79EFBC}") = "Structure", "Structure\Structure.csproj", "{09EF4DD2-17A3-46E4-B692-34967EC5A1B9}"
EndProject
Global
	GlobalSection(SolutionConfigurationPlatforms) = preSolution
		Debug|Any CPU = Debug|Any CPU
		Release|Any CPU = Release|Any CPU
	EndGlobalSection
	GlobalSection(ProjectConfigurationPlatforms) = postSolution
		{C6EE1EF6-3929-4A29-A07D-BC538D2F7717}.Debug|Any CPU.ActiveCfg = Debug|Any CPU
		{C6EE1EF6-3929-4A29-A07D-BC538D2F7717}.Debug|Any CPU.Build.0 = Debug|Any CPU
		{C6EE1EF6-3929-4A29-A07D-BC538D2F7717}.Release|Any CPU.ActiveCfg = Release|Any CPU
		{C6EE1EF6-3929-4A29-A07D-BC538D2F7717}.Release|Any CPU.Build.0 = Release|Any CPU
		{09EF4DD2-17A3-46E4-B692-34967EC5A1B9}.Debug|Any CPU.ActiveCfg = Debug|Any CPU
		{09EF4DD2-17A3-46E4-B692-34967EC5A1B9}.Debug|Any CPU.Build.0 = Debug|Any CPU
		{09EF4DD2-17A3-46E4-B692-34967EC5A1B9}.Release|Any CPU.ActiveCfg = Release|Any CPU
		{09EF4DD2-17A3-46E4-B692-34967EC5A1B9}.Release|Any CPU.Build.0 = Release|Any CPU
	EndGlobalSection
	GlobalSection(SolutionProperties) = preSolution
		HideSolutionNode = FALSE
	EndGlobalSection
	GlobalSection(ExtensibilityGlobals) = postSolution
		SolutionGuid = {C40D542B-1757-4E7E-AFCD-543C7399C76F}
	EndGlobalSection
EndGlobal
